dependencies:
- name: tileserver-gl
  repository: https://joe-akeem.github.io/tileserver-gl-helm-chart
  version: 0.1.3
- name: brouter
  repository: https://joe-akeem.github.io/brouter-helm-chart
  version: 0.1.1
digest: sha256:a47151d5e68baf3c7f389060bf4f2cddc2cb5abd203eb2c6d59bfd16ccb61b7b
generated: "2026-02-02T13:47:15.063135+01:00"
