dependencies:
- name: tileserver-gl
  repository: https://joe-akeem.github.io/tileserver-gl-helm-chart
  version: 0.2.0
- name: brouter
  repository: https://joe-akeem.github.io/brouter-helm-chart
  version: 0.2.0
- name: brouter-web
  repository: https://joe-akeem.github.io/brouter-web-helm-chart
  version: 0.3.0
- name: planetiler-openmaptiles
  repository: https://joe-akeem.github.io/planetiler-openmaptiles-helm-chart
  version: 0.7.0
digest: sha256:8d3cd8ce50b9218d8ae95b0b35c051a8189416a7b3ce0d1071187246cd0939cd
generated: "2026-02-20T22:53:48.476085+01:00"
