dependencies:
- name: tileserver-gl
  repository: https://joe-akeem.github.io/tileserver-gl-helm-chart
  version: 0.2.0
- name: brouter
  repository: https://joe-akeem.github.io/brouter-helm-chart
  version: 0.2.0
- name: brouter-web
  repository: https://joe-akeem.github.io/brouter-web-helm-chart
  version: 0.3.0
- name: planetiler-openmaptiles
  repository: https://joe-akeem.github.io/planetiler-openmaptiles-helm-chart
  version: 0.6.0
digest: sha256:a825b905bd732f658914d56d6aadded7be03a02a7bea4602a37abebc789f4a50
generated: "2026-02-20T22:13:50.129781+01:00"
